
Microsoft Visual Studio Solution File, Format Version 12.00
# Visual Studio Version 17
VisualStudioVersion = 17.9.34728.123
MinimumVisualStudioVersion = 10.0.40219.1
Project("{FAE04EC0-301F-11D3-BF4B-00C04F79EFBC}") = "WindowsFormsApp1", "WindowsFormsApp1\WindowsFormsApp1.csproj", "{280788A4-589D-43A3-94AC-AB556CADE195}"
EndProject
Global
	GlobalSection(SolutionConfigurationPlatforms) = preSolution
		Debug|Any CPU = Debug|Any CPU
		Release|Any CPU = Release|Any CPU
	EndGlobalSection
	GlobalSection(ProjectConfigurationPlatforms) = postSolution
		{280788A4-589D-43A3-94AC-AB556CADE195}.Debug|Any CPU.ActiveCfg = Debug|Any CPU
		{280788A4-589D-43A3-94AC-AB556CADE195}.Debug|Any CPU.Build.0 = Debug|Any CPU
		{280788A4-589D-43A3-94AC-AB556CADE195}.Release|Any CPU.ActiveCfg = Release|Any CPU
		{280788A4-589D-43A3-94AC-AB556CADE195}.Release|Any CPU.Build.0 = Release|Any CPU
	EndGlobalSection
	GlobalSection(SolutionProperties) = preSolution
		HideSolutionNode = FALSE
	EndGlobalSection
	GlobalSection(ExtensibilityGlobals) = postSolution
		SolutionGuid = {26D7737D-E903-4A6C-B02F-DC1AF7D45566}
	EndGlobalSection
EndGlobal
